
Microsoft Visual Studio Solution File, Format Version 12.00
# Visual Studio Version 17
VisualStudioVersion = 17.0.31903.59
MinimumVisualStudioVersion = 10.0.40219.1
Project("{2150E333-8FDC-42A3-9474-1A3956D46DE8}") = "src", "src", "{827E0CD3-B72D-47B6-A68D-7590B98EB39B}"
EndProject
Project("{FAE04EC0-301F-11D3-BF4B-00C04F79EFBC}") = "MarcasAutos.Domain", "src\MarcasAutos.Domain\MarcasAutos.Domain.csproj", "{AF30561F-CFD1-433E-A541-2D575C260D4C}"
EndProject
Project("{FAE04EC0-301F-11D3-BF4B-00C04F79EFBC}") = "MarcasAutos.Application", "src\MarcasAutos.Application\MarcasAutos.Application.csproj", "{FEBA10BF-6761-4CA1-AF05-1DA0C68748F9}"
EndProject
Project("{FAE04EC0-301F-11D3-BF4B-00C04F79EFBC}") = "MarcasAutos.Infrastructure", "src\MarcasAutos.Infrastructure\MarcasAutos.Infrastructure.csproj", "{DC285288-B84A-413D-932F-D73EBF512A52}"
EndProject
Project("{FAE04EC0-301F-11D3-BF4B-00C04F79EFBC}") = "MarcasAutos.Api", "src\MarcasAutos.Api\MarcasAutos.Api.csproj", "{94AB6C3C-14D6-4296-823F-262DF43E44D0}"
EndProject
Project("{2150E333-8FDC-42A3-9474-1A3956D46DE8}") = "tests", "tests", "{0AB3BF05-4346-4AA6-1389-037BE0695223}"
EndProject
Project("{FAE04EC0-301F-11D3-BF4B-00C04F79EFBC}") = "MarcasAutos.UnitTests", "tests\MarcasAutos.UnitTests\MarcasAutos.UnitTests.csproj", "{DF448551-460E-4EE0-A831-01C167F9B52F}"
EndProject
Project("{FAE04EC0-301F-11D3-BF4B-00C04F79EFBC}") = "MarcasAutos.IntegrationTests", "tests\MarcasAutos.IntegrationTests\MarcasAutos.IntegrationTests.csproj", "{82B3DA48-1881-421D-82E6-99AFD46D11D1}"
EndProject
Global
	GlobalSection(SolutionConfigurationPlatforms) = preSolution
		Debug|Any CPU = Debug|Any CPU
		Debug|x64 = Debug|x64
		Debug|x86 = Debug|x86
		Release|Any CPU = Release|Any CPU
		Release|x64 = Release|x64
		Release|x86 = Release|x86
	EndGlobalSection
	GlobalSection(ProjectConfigurationPlatforms) = postSolution
		{AF30561F-CFD1-433E-A541-2D575C260D4C}.Debug|Any CPU.ActiveCfg = Debug|Any CPU
		{AF30561F-CFD1-433E-A541-2D575C260D4C}.Debug|Any CPU.Build.0 = Debug|Any CPU
		{AF30561F-CFD1-433E-A541-2D575C260D4C}.Debug|x64.ActiveCfg = Debug|Any CPU
		{AF30561F-CFD1-433E-A541-2D575C260D4C}.Debug|x64.Build.0 = Debug|Any CPU
		{AF30561F-CFD1-433E-A541-2D575C260D4C}.Debug|x86.ActiveCfg = Debug|Any CPU
		{AF30561F-CFD1-433E-A541-2D575C260D4C}.Debug|x86.Build.0 = Debug|Any CPU
		{AF30561F-CFD1-433E-A541-2D575C260D4C}.Release|Any CPU.ActiveCfg = Release|Any CPU
		{AF30561F-CFD1-433E-A541-2D575C260D4C}.Release|Any CPU.Build.0 = Release|Any CPU
		{AF30561F-CFD1-433E-A541-2D575C260D4C}.Release|x64.ActiveCfg = Release|Any CPU
		{AF30561F-CFD1-433E-A541-2D575C260D4C}.Release|x64.Build.0 = Release|Any CPU
		{AF30561F-CFD1-433E-A541-2D575C260D4C}.Release|x86.ActiveCfg = Release|Any CPU
		{AF30561F-CFD1-433E-A541-2D575C260D4C}.Release|x86.Build.0 = Release|Any CPU
		{FEBA10BF-6761-4CA1-AF05-1DA0C68748F9}.Debug|Any CPU.ActiveCfg = Debug|Any CPU
		{FEBA10BF-6761-4CA1-AF05-1DA0C68748F9}.Debug|Any CPU.Build.0 = Debug|Any CPU
		{FEBA10BF-6761-4CA1-AF05-1DA0C68748F9}.Debug|x64.ActiveCfg = Debug|Any CPU
		{FEBA10BF-6761-4CA1-AF05-1DA0C68748F9}.Debug|x64.Build.0 = Debug|Any CPU
		{FEBA10BF-6761-4CA1-AF05-1DA0C68748F9}.Debug|x86.ActiveCfg = Debug|Any CPU
		{FEBA10BF-6761-4CA1-AF05-1DA0C68748F9}.Debug|x86.Build.0 = Debug|Any CPU
		{FEBA10BF-6761-4CA1-AF05-1DA0C68748F9}.Release|Any CPU.ActiveCfg = Release|Any CPU
		{FEBA10BF-6761-4CA1-AF05-1DA0C68748F9}.Release|Any CPU.Build.0 = Release|Any CPU
		{FEBA10BF-6761-4CA1-AF05-1DA0C68748F9}.Release|x64.ActiveCfg = Release|Any CPU
		{FEBA10BF-6761-4CA1-AF05-1DA0C68748F9}.Release|x64.Build.0 = Release|Any CPU
		{FEBA10BF-6761-4CA1-AF05-1DA0C68748F9}.Release|x86.ActiveCfg = Release|Any CPU
		{FEBA10BF-6761-4CA1-AF05-1DA0C68748F9}.Release|x86.Build.0 = Release|Any CPU
		{DC285288-B84A-413D-932F-D73EBF512A52}.Debug|Any CPU.ActiveCfg = Debug|Any CPU
		{DC285288-B84A-413D-932F-D73EBF512A52}.Debug|Any CPU.Build.0 = Debug|Any CPU
		{DC285288-B84A-413D-932F-D73EBF512A52}.Debug|x64.ActiveCfg = Debug|Any CPU
		{DC285288-B84A-413D-932F-D73EBF512A52}.Debug|x64.Build.0 = Debug|Any CPU
		{DC285288-B84A-413D-932F-D73EBF512A52}.Debug|x86.ActiveCfg = Debug|Any CPU
		{DC285288-B84A-413D-932F-D73EBF512A52}.Debug|x86.Build.0 = Debug|Any CPU
		{DC285288-B84A-413D-932F-D73EBF512A52}.Release|Any CPU.ActiveCfg = Release|Any CPU
		{DC285288-B84A-413D-932F-D73EBF512A52}.Release|Any CPU.Build.0 = Release|Any CPU
		{DC285288-B84A-413D-932F-D73EBF512A52}.Release|x64.ActiveCfg = Release|Any CPU
		{DC285288-B84A-413D-932F-D73EBF512A52}.Release|x64.Build.0 = Release|Any CPU
		{DC285288-B84A-413D-932F-D73EBF512A52}.Release|x86.ActiveCfg = Release|Any CPU
		{DC285288-B84A-413D-932F-D73EBF512A52}.Release|x86.Build.0 = Release|Any CPU
		{94AB6C3C-14D6-4296-823F-262DF43E44D0}.Debug|Any CPU.ActiveCfg = Debug|Any CPU
		{94AB6C3C-14D6-4296-823F-262DF43E44D0}.Debug|Any CPU.Build.0 = Debug|Any CPU
		{94AB6C3C-14D6-4296-823F-262DF43E44D0}.Debug|x64.ActiveCfg = Debug|Any CPU
		{94AB6C3C-14D6-4296-823F-262DF43E44D0}.Debug|x64.Build.0 = Debug|Any CPU
		{94AB6C3C-14D6-4296-823F-262DF43E44D0}.Debug|x86.ActiveCfg = Debug|Any CPU
		{94AB6C3C-14D6-4296-823F-262DF43E44D0}.Debug|x86.Build.0 = Debug|Any CPU
		{94AB6C3C-14D6-4296-823F-262DF43E44D0}.Release|Any CPU.ActiveCfg = Release|Any CPU
		{94AB6C3C-14D6-4296-823F-262DF43E44D0}.Release|Any CPU.Build.0 = Release|Any CPU
		{94AB6C3C-14D6-4296-823F-262DF43E44D0}.Release|x64.ActiveCfg = Release|Any CPU
		{94AB6C3C-14D6-4296-823F-262DF43E44D0}.Release|x64.Build.0 = Release|Any CPU
		{94AB6C3C-14D6-4296-823F-262DF43E44D0}.Release|x86.ActiveCfg = Release|Any CPU
		{94AB6C3C-14D6-4296-823F-262DF43E44D0}.Release|x86.Build.0 = Release|Any CPU
		{DF448551-460E-4EE0-A831-01C167F9B52F}.Debug|Any CPU.ActiveCfg = Debug|Any CPU
		{DF448551-460E-4EE0-A831-01C167F9B52F}.Debug|Any CPU.Build.0 = Debug|Any CPU
		{DF448551-460E-4EE0-A831-01C167F9B52F}.Debug|x64.ActiveCfg = Debug|Any CPU
		{DF448551-460E-4EE0-A831-01C167F9B52F}.Debug|x64.Build.0 = Debug|Any CPU
		{DF448551-460E-4EE0-A831-01C167F9B52F}.Debug|x86.ActiveCfg = Debug|Any CPU
		{DF448551-460E-4EE0-A831-01C167F9B52F}.Debug|x86.Build.0 = Debug|Any CPU
		{DF448551-460E-4EE0-A831-01C167F9B52F}.Release|Any CPU.ActiveCfg = Release|Any CPU
		{DF448551-460E-4EE0-A831-01C167F9B52F}.Release|Any CPU.Build.0 = Release|Any CPU
		{DF448551-460E-4EE0-A831-01C167F9B52F}.Release|x64.ActiveCfg = Release|Any CPU
		{DF448551-460E-4EE0-A831-01C167F9B52F}.Release|x64.Build.0 = Release|Any CPU
		{DF448551-460E-4EE0-A831-01C167F9B52F}.Release|x86.ActiveCfg = Release|Any CPU
		{DF448551-460E-4EE0-A831-01C167F9B52F}.Release|x86.Build.0 = Release|Any CPU
		{82B3DA48-1881-421D-82E6-99AFD46D11D1}.Debug|Any CPU.ActiveCfg = Debug|Any CPU
		{82B3DA48-1881-421D-82E6-99AFD46D11D1}.Debug|Any CPU.Build.0 = Debug|Any CPU
		{82B3DA48-1881-421D-82E6-99AFD46D11D1}.Debug|x64.ActiveCfg = Debug|Any CPU
		{82B3DA48-1881-421D-82E6-99AFD46D11D1}.Debug|x64.Build.0 = Debug|Any CPU
		{82B3DA48-1881-421D-82E6-99AFD46D11D1}.Debug|x86.ActiveCfg = Debug|Any CPU
		{82B3DA48-1881-421D-82E6-99AFD46D11D1}.Debug|x86.Build.0 = Debug|Any CPU
		{82B3DA48-1881-421D-82E6-99AFD46D11D1}.Release|Any CPU.ActiveCfg = Release|Any CPU
		{82B3DA48-1881-421D-82E6-99AFD46D11D1}.Release|Any CPU.Build.0 = Release|Any CPU
		{82B3DA48-1881-421D-82E6-99AFD46D11D1}.Release|x64.ActiveCfg = Release|Any CPU
		{82B3DA48-1881-421D-82E6-99AFD46D11D1}.Release|x64.Build.0 = Release|Any CPU
		{82B3DA48-1881-421D-82E6-99AFD46D11D1}.Release|x86.ActiveCfg = Release|Any CPU
		{82B3DA48-1881-421D-82E6-99AFD46D11D1}.Release|x86.Build.0 = Release|Any CPU
	EndGlobalSection
	GlobalSection(SolutionProperties) = preSolution
		HideSolutionNode = FALSE
	EndGlobalSection
	GlobalSection(NestedProjects) = preSolution
		{AF30561F-CFD1-433E-A541-2D575C260D4C} = {827E0CD3-B72D-47B6-A68D-7590B98EB39B}
		{FEBA10BF-6761-4CA1-AF05-1DA0C68748F9} = {827E0CD3-B72D-47B6-A68D-7590B98EB39B}
		{DC285288-B84A-413D-932F-D73EBF512A52} = {827E0CD3-B72D-47B6-A68D-7590B98EB39B}
		{94AB6C3C-14D6-4296-823F-262DF43E44D0} = {827E0CD3-B72D-47B6-A68D-7590B98EB39B}
		{DF448551-460E-4EE0-A831-01C167F9B52F} = {0AB3BF05-4346-4AA6-1389-037BE0695223}
		{82B3DA48-1881-421D-82E6-99AFD46D11D1} = {0AB3BF05-4346-4AA6-1389-037BE0695223}
	EndGlobalSection
EndGlobal
